
Microsoft Visual Studio Solution File, Format Version 12.00
# Visual Studio Version 16
VisualStudioVersion = 16.0.29905.134
MinimumVisualStudioVersion = 10.0.40219.1
Project("{FAE04EC0-301F-11D3-BF4B-00C04F79EFBC}") = "Queues", "Queues.csproj", "{CE79ED7B-D1D1-4F16-BC88-EFE0EB900E85}"
EndProject
Global
	GlobalSection(SolutionConfigurationPlatforms) = preSolution
		Debug|Any CPU = Debug|Any CPU
		Release|Any CPU = Release|Any CPU
	EndGlobalSection
	GlobalSection(ProjectConfigurationPlatforms) = postSolution
		{CE79ED7B-D1D1-4F16-BC88-EFE0EB900E85}.Debug|Any CPU.ActiveCfg = Debug|Any CPU
		{CE79ED7B-D1D1-4F16-BC88-EFE0EB900E85}.Debug|Any CPU.Build.0 = Debug|Any CPU
		{CE79ED7B-D1D1-4F16-BC88-EFE0EB900E85}.Release|Any CPU.ActiveCfg = Release|Any CPU
		{CE79ED7B-D1D1-4F16-BC88-EFE0EB900E85}.Release|Any CPU.Build.0 = Release|Any CPU
	EndGlobalSection
	GlobalSection(SolutionProperties) = preSolution
		HideSolutionNode = FALSE
	EndGlobalSection
	GlobalSection(ExtensibilityGlobals) = postSolution
		SolutionGuid = {5FF8AECE-21AE-47D7-965C-DA5EF72FC7C4}
	EndGlobalSection
EndGlobal
