
Microsoft Visual Studio Solution File, Format Version 12.00
# Visual Studio Version 16
VisualStudioVersion = 16.0.29905.134
MinimumVisualStudioVersion = 10.0.40219.1
Project("{FAE04EC0-301F-11D3-BF4B-00C04F79EFBC}") = "LinkedList", "LinkedList.csproj", "{38AF6BCB-0D9A-4ACB-BCCD-01876D38EF81}"
EndProject
Global
	GlobalSection(SolutionConfigurationPlatforms) = preSolution
		Debug|Any CPU = Debug|Any CPU
		Release|Any CPU = Release|Any CPU
	EndGlobalSection
	GlobalSection(ProjectConfigurationPlatforms) = postSolution
		{38AF6BCB-0D9A-4ACB-BCCD-01876D38EF81}.Debug|Any CPU.ActiveCfg = Debug|Any CPU
		{38AF6BCB-0D9A-4ACB-BCCD-01876D38EF81}.Debug|Any CPU.Build.0 = Debug|Any CPU
		{38AF6BCB-0D9A-4ACB-BCCD-01876D38EF81}.Release|Any CPU.ActiveCfg = Release|Any CPU
		{38AF6BCB-0D9A-4ACB-BCCD-01876D38EF81}.Release|Any CPU.Build.0 = Release|Any CPU
	EndGlobalSection
	GlobalSection(SolutionProperties) = preSolution
		HideSolutionNode = FALSE
	EndGlobalSection
	GlobalSection(ExtensibilityGlobals) = postSolution
		SolutionGuid = {AD92BFB7-30E5-44B7-91E6-67F712829E0C}
	EndGlobalSection
EndGlobal
